
Microsoft Visual Studio Solution File, Format Version 12.00
# Visual Studio Version 17
VisualStudioVersion = 17.14.36310.24 d17.14
MinimumVisualStudioVersion = 10.0.40219.1
Project("{FAE04EC0-301F-11D3-BF4B-00C04F79EFBC}") = "Phase01-Project", "Phase01-Project\Phase01-Project.csproj", "{E8486416-D726-43B5-871E-291E4D93CFF9}"
EndProject
Global
	GlobalSection(SolutionConfigurationPlatforms) = preSolution
		Debug|Any CPU = Debug|Any CPU
		Release|Any CPU = Release|Any CPU
	EndGlobalSection
	GlobalSection(ProjectConfigurationPlatforms) = postSolution
		{E8486416-D726-43B5-871E-291E4D93CFF9}.Debug|Any CPU.ActiveCfg = Debug|Any CPU
		{E8486416-D726-43B5-871E-291E4D93CFF9}.Debug|Any CPU.Build.0 = Debug|Any CPU
		{E8486416-D726-43B5-871E-291E4D93CFF9}.Release|Any CPU.ActiveCfg = Release|Any CPU
		{E8486416-D726-43B5-871E-291E4D93CFF9}.Release|Any CPU.Build.0 = Release|Any CPU
	EndGlobalSection
	GlobalSection(SolutionProperties) = preSolution
		HideSolutionNode = FALSE
	EndGlobalSection
	GlobalSection(ExtensibilityGlobals) = postSolution
		SolutionGuid = {F30B3F2B-6FCF-4D88-AF87-41E849DF0BA7}
	EndGlobalSection
EndGlobal
